// !$*UTF8*$!
{
	archiveVersion = 1;
	classes = {
	};
	objectVersion = 46;
	objects = {

/* Begin PBXBuildFile section */
		7202E4BB1D5C2497003A75EB /* main.m in Sources */ = {isa = PBXBuildFile; fileRef = 7202E4BA1D5C2497003A75EB /* main.m */; };
		7202E4BE1D5C2497003A75EB /* AppDelegate.m in Sources */ = {isa = PBXBuildFile; fileRef = 7202E4BD1D5C2497003A75EB /* AppDelegate.m */; };
		7202E4C11D5C2497003A75EB /* ViewController.m in Sources */ = {isa = PBXBuildFile; fileRef = 7202E4C01D5C2497003A75EB /* ViewController.m */; };
		7202E4C41D5C2497003A75EB /* Main.storyboard in Resources */ = {isa = PBXBuildFile; fileRef = 7202E4C21D5C2497003A75EB /* Main.storyboard */; };
		7202E4C61D5C2497003A75EB /* Assets.xcassets in Resources */ = {isa = PBXBuildFile; fileRef = 7202E4C51D5C2497003A75EB /* Assets.xcassets */; };
		7202E4C91D5C2497003A75EB /* LaunchScreen.storyboard in Resources */ = {isa = PBXBuildFile; fileRef = 7202E4C71D5C2497003A75EB /* LaunchScreen.storyboard */; };
		7202E4D41D5C2497003A75EB /* KkjrxiangmuTests.m in Sources */ = {isa = PBXBuildFile; fileRef = 7202E4D31D5C2497003A75EB /* KkjrxiangmuTests.m */; };
		7202E4DF1D5C2497003A75EB /* KkjrxiangmuUITests.m in Sources */ = {isa = PBXBuildFile; fileRef = 7202E4DE1D5C2497003A75EB /* KkjrxiangmuUITests.m */; };
		7202E4EF1D5C24D3003A75EB /* MassageViewController.m in Sources */ = {isa = PBXBuildFile; fileRef = 7202E4ED1D5C24D3003A75EB /* MassageViewController.m */; };
		7202E4F01D5C24D3003A75EB /* MassageViewController.xib in Resources */ = {isa = PBXBuildFile; fileRef = 7202E4EE1D5C24D3003A75EB /* MassageViewController.xib */; };
		7202E4F41D5C24F8003A75EB /* CollectionViewController.m in Sources */ = {isa = PBXBuildFile; fileRef = 7202E4F21D5C24F8003A75EB /* CollectionViewController.m */; };
		7202E4F51D5C24F8003A75EB /* CollectionViewController.xib in Resources */ = {isa = PBXBuildFile; fileRef = 7202E4F31D5C24F8003A75EB /* CollectionViewController.xib */; };
		7202E4F91D5C2521003A75EB /* UserViewController.m in Sources */ = {isa = PBXBuildFile; fileRef = 7202E4F71D5C2521003A75EB /* UserViewController.m */; };
		7202E4FA1D5C2521003A75EB /* UserViewController.xib in Resources */ = {isa = PBXBuildFile; fileRef = 7202E4F81D5C2521003A75EB /* UserViewController.xib */; };
		7202E4FE1D5C253C003A75EB /* MoreViewController.m in Sources */ = {isa = PBXBuildFile; fileRef = 7202E4FC1D5C253C003A75EB /* MoreViewController.m */; };
		7202E4FF1D5C253C003A75EB /* MoreViewController.xib in Resources */ = {isa = PBXBuildFile; fileRef = 7202E4FD1D5C253C003A75EB /* MoreViewController.xib */; };
		7202E5031D5C2556003A75EB /* HomepageViewController.m in Sources */ = {isa = PBXBuildFile; fileRef = 7202E5011D5C2556003A75EB /* HomepageViewController.m */; };
		7202E5041D5C2556003A75EB /* HomepageViewController.xib in Resources */ = {isa = PBXBuildFile; fileRef = 7202E5021D5C2556003A75EB /* HomepageViewController.xib */; };
		7202E5151D5C4E76003A75EB /* denglu@2x.png in Resources */ = {isa = PBXBuildFile; fileRef = 7202E50C1D5C4E76003A75EB /* denglu@2x.png */; };
		7202E5161D5C4E76003A75EB /* gengxin@2x.png in Resources */ = {isa = PBXBuildFile; fileRef = 7202E50D1D5C4E76003A75EB /* gengxin@2x.png */; };
		7202E5171D5C4E76003A75EB /* jiesuan@2x.png in Resources */ = {isa = PBXBuildFile; fileRef = 7202E50E1D5C4E76003A75EB /* jiesuan@2x.png */; };
		7202E5181D5C4E76003A75EB /* shenfen@2x.png in Resources */ = {isa = PBXBuildFile; fileRef = 7202E50F1D5C4E76003A75EB /* shenfen@2x.png */; };
		7202E5191D5C4E76003A75EB /* touxiang@2x.png in Resources */ = {isa = PBXBuildFile; fileRef = 7202E5101D5C4E76003A75EB /* touxiang@2x.png */; };
		7202E51A1D5C4E76003A75EB /* tuichu@2x.png in Resources */ = {isa = PBXBuildFile; fileRef = 7202E5111D5C4E76003A75EB /* tuichu@2x.png */; };
		7202E51B1D5C4E76003A75EB /* yinhang@2x.png in Resources */ = {isa = PBXBuildFile; fileRef = 7202E5121D5C4E76003A75EB /* yinhang@2x.png */; };
		7202E51C1D5C4E76003A75EB /* zhifu@2x.png in Resources */ = {isa = PBXBuildFile; fileRef = 7202E5131D5C4E76003A75EB /* zhifu@2x.png */; };
		7202E5371D5C4EB7003A75EB /* 1.png in Resources */ = {isa = PBXBuildFile; fileRef = 7202E51E1D5C4EB7003A75EB /* 1.png */; };
		7202E5381D5C4EB7003A75EB /* feilv@2x.png in Resources */ = {isa = PBXBuildFile; fileRef = 7202E51F1D5C4EB7003A75EB /* feilv@2x.png */; };
		7202E5391D5C4EB7003A75EB /* gengduo1@2x.png in Resources */ = {isa = PBXBuildFile; fileRef = 7202E5201D5C4EB7003A75EB /* gengduo1@2x.png */; };
		7202E53A1D5C4EB7003A75EB /* gengduo@2x.png in Resources */ = {isa = PBXBuildFile; fileRef = 7202E5211D5C4EB7003A75EB /* gengduo@2x.png */; };
		7202E53B1D5C4EB7003A75EB /* huanledai@2x.png in Resources */ = {isa = PBXBuildFile; fileRef = 7202E5221D5C4EB7003A75EB /* huanledai@2x.png */; };
		7202E53C1D5C4EB7003A75EB /* jiaotong@2x.png in Resources */ = {isa = PBXBuildFile; fileRef = 7202E5231D5C4EB7003A75EB /* jiaotong@2x.png */; };
		7202E53D1D5C4EB7003A75EB /* jiayouka@2x.png in Resources */ = {isa = PBXBuildFile; fileRef = 7202E5241D5C4EB7003A75EB /* jiayouka@2x.png */; };
		7202E53E1D5C4EB7003A75EB /* jiesuan@2x.png in Resources */ = {isa = PBXBuildFile; fileRef = 7202E5251D5C4EB7003A75EB /* jiesuan@2x.png */; };
		7202E53F1D5C4EB7003A75EB /* licaijisuan@2x.png in Resources */ = {isa = PBXBuildFile; fileRef = 7202E5261D5C4EB7003A75EB /* licaijisuan@2x.png */; };
		7202E5401D5C4EB7003A75EB /* liuliang@2x.png in Resources */ = {isa = PBXBuildFile; fileRef = 7202E5271D5C4EB7003A75EB /* liuliang@2x.png */; };
		7202E5411D5C4EB7003A75EB /* lunbo1.png in Resources */ = {isa = PBXBuildFile; fileRef = 7202E5281D5C4EB7003A75EB /* lunbo1.png */; };
		7202E5421D5C4EB7003A75EB /* luobo2.png in Resources */ = {isa = PBXBuildFile; fileRef = 7202E5291D5C4EB7003A75EB /* luobo2.png */; };
		7202E5431D5C4EB7003A75EB /* saosao@2x.png in Resources */ = {isa = PBXBuildFile; fileRef = 7202E52A1D5C4EB7003A75EB /* saosao@2x.png */; };
		7202E5441D5C4EB7003A75EB /* shebao@2x.png in Resources */ = {isa = PBXBuildFile; fileRef = 7202E52B1D5C4EB7003A75EB /* shebao@2x.png */; };
		7202E5451D5C4EB7003A75EB /* shouji@2x.png in Resources */ = {isa = PBXBuildFile; fileRef = 7202E52C1D5C4EB7003A75EB /* shouji@2x.png */; };
		7202E5461D5C4EB7003A75EB /* shoukuan@2x.png in Resources */ = {isa = PBXBuildFile; fileRef = 7202E52D1D5C4EB7003A75EB /* shoukuan@2x.png */; };
		7202E5471D5C4EB7003A75EB /* shouye@2x.png in Resources */ = {isa = PBXBuildFile; fileRef = 7202E52E1D5C4EB7003A75EB /* shouye@2x.png */; };
		7202E5481D5C4EB7003A75EB /* shuidian@2x.png in Resources */ = {isa = PBXBuildFile; fileRef = 7202E52F1D5C4EB7003A75EB /* shuidian@2x.png */; };
		7202E5491D5C4EB7003A75EB /* xiaoxi@2x.png in Resources */ = {isa = PBXBuildFile; fileRef = 7202E5301D5C4EB7003A75EB /* xiaoxi@2x.png */; };
		7202E54A1D5C4EB7003A75EB /* xinyyongngka@2x.png in Resources */ = {isa = PBXBuildFile; fileRef = 7202E5311D5C4EB7003A75EB /* xinyyongngka@2x.png */; };
		7202E54B1D5C4EB7003A75EB /* yiyuanduobao@2x.png in Resources */ = {isa = PBXBuildFile; fileRef = 7202E5321D5C4EB7003A75EB /* yiyuanduobao@2x.png */; };
		7202E54C1D5C4EB7003A75EB /* yonghu@2x.png in Resources */ = {isa = PBXBuildFile; fileRef = 7202E5331D5C4EB7003A75EB /* yonghu@2x.png */; };
		7202E54D1D5C4EB7003A75EB /* youxi@2x.png in Resources */ = {isa = PBXBuildFile; fileRef = 7202E5341D5C4EB7003A75EB /* youxi@2x.png */; };
		7202E54E1D5C4EB7003A75EB /* yue@2x.png in Resources */ = {isa = PBXBuildFile; fileRef = 7202E5351D5C4EB7003A75EB /* yue@2x.png */; };
		7202E54F1D5C4EB7003A75EB /* zhangdan@2x.png in Resources */ = {isa = PBXBuildFile; fileRef = 7202E5361D5C4EB7003A75EB /* zhangdan@2x.png */; };
		7202E5581D5C4EE0003A75EB /* 3.png in Resources */ = {isa = PBXBuildFile; fileRef = 7202E5541D5C4EE0003A75EB /* 3.png */; };
		7202E5591D5C4EE0003A75EB /* gonggao@2x.png in Resources */ = {isa = PBXBuildFile; fileRef = 7202E5551D5C4EE0003A75EB /* gonggao@2x.png */; };
		7202E55A1D5C4EE0003A75EB /* guangao.png in Resources */ = {isa = PBXBuildFile; fileRef = 7202E5561D5C4EE0003A75EB /* guangao.png */; };
		7202E55B1D5C4EE0003A75EB /* jiantou@2x.png in Resources */ = {isa = PBXBuildFile; fileRef = 7202E5571D5C4EE0003A75EB /* jiantou@2x.png */; };
		7202E5611D5C4EE8003A75EB /* 2.png in Resources */ = {isa = PBXBuildFile; fileRef = 7202E55D1D5C4EE8003A75EB /* 2.png */; };
		7202E5621D5C4EE8003A75EB /* chexiao@2x.png in Resources */ = {isa = PBXBuildFile; fileRef = 7202E55E1D5C4EE8003A75EB /* chexiao@2x.png */; };
		7202E5631D5C4EE8003A75EB /* weixin.png in Resources */ = {isa = PBXBuildFile; fileRef = 7202E55F1D5C4EE8003A75EB /* weixin.png */; };
		7202E5641D5C4EE8003A75EB /* yinlian.png in Resources */ = {isa = PBXBuildFile; fileRef = 7202E5601D5C4EE8003A75EB /* yinlian.png */; };
		7202E56D1D5C8300003A75EB /* bangzhu@2x.png in Resources */ = {isa = PBXBuildFile; fileRef = 7202E5661D5C8300003A75EB /* bangzhu@2x.png */; };
		7202E56E1D5C8300003A75EB /* fankui@2x.png in Resources */ = {isa = PBXBuildFile; fileRef = 7202E5671D5C8300003A75EB /* fankui@2x.png */; };
		7202E56F1D5C8300003A75EB /* guanyuwomen@2x.png in Resources */ = {isa = PBXBuildFile; fileRef = 7202E5681D5C8300003A75EB /* guanyuwomen@2x.png */; };
		7202E5701D5C8300003A75EB /* huiyuanzhongxin@2x.png in Resources */ = {isa = PBXBuildFile; fileRef = 7202E5691D5C8300003A75EB /* huiyuanzhongxin@2x.png */; };
		7202E5711D5C8300003A75EB /* tuiguang@2x.png in Resources */ = {isa = PBXBuildFile; fileRef = 7202E56A1D5C8300003A75EB /* tuiguang@2x.png */; };
		7202E5721D5C8300003A75EB /* xiaji@2x.png in Resources */ = {isa = PBXBuildFile; fileRef = 7202E56B1D5C8300003A75EB /* xiaji@2x.png */; };
		7202E5731D5C8300003A75EB /* xieyi@2x.png in Resources */ = {isa = PBXBuildFile; fileRef = 7202E56C1D5C8300003A75EB /* xieyi@2x.png */; };
		E9EB12F4358C3116B2657E01 /* libPods-Kkjrxiangmu.a in Frameworks */ = {isa = PBXBuildFile; fileRef = E1CB7E628AAE55304DE4E99F /* libPods-Kkjrxiangmu.a */; };
/* End PBXBuildFile section */

/* Begin PBXContainerItemProxy section */
		7202E4D01D5C2497003A75EB /* PBXContainerItemProxy */ = {
			isa = PBXContainerItemProxy;
			containerPortal = 7202E4AE1D5C2497003A75EB /* Project object */;
			proxyType = 1;
			remoteGlobalIDString = 7202E4B51D5C2497003A75EB;
			remoteInfo = Kkjrxiangmu;
		};
		7202E4DB1D5C2497003A75EB /* PBXContainerItemProxy */ = {
			isa = PBXContainerItemProxy;
			containerPortal = 7202E4AE1D5C2497003A75EB /* Project object */;
			proxyType = 1;
			remoteGlobalIDString = 7202E4B51D5C2497003A75EB;
			remoteInfo = Kkjrxiangmu;
		};
/* End PBXContainerItemProxy section */

/* Begin PBXFileReference section */
		66EE9E7475653004018857B8 /* Pods-Kkjrxiangmu.debug.xcconfig */ = {isa = PBXFileReference; includeInIndex = 1; lastKnownFileType = text.xcconfig; name = "Pods-Kkjrxiangmu.debug.xcconfig"; path = "Pods/Target Support Files/Pods-Kkjrxiangmu/Pods-Kkjrxiangmu.debug.xcconfig"; sourceTree = "<group>"; };
		7202E4B61D5C2497003A75EB /* Kkjrxiangmu.app */ = {isa = PBXFileReference; explicitFileType = wrapper.application; includeInIndex = 0; path = Kkjrxiangmu.app; sourceTree = BUILT_PRODUCTS_DIR; };
		7202E4BA1D5C2497003A75EB /* main.m */ = {isa = PBXFileReference; lastKnownFileType = sourcecode.c.objc; path = main.m; sourceTree = "<group>"; };
		7202E4BC1D5C2497003A75EB /* AppDelegate.h */ = {isa = PBXFileReference; lastKnownFileType = sourcecode.c.h; path = AppDelegate.h; sourceTree = "<group>"; };
		7202E4BD1D5C2497003A75EB /* AppDelegate.m */ = {isa = PBXFileReference; lastKnownFileType = sourcecode.c.objc; path = AppDelegate.m; sourceTree = "<group>"; };
		7202E4BF1D5C2497003A75EB /* ViewController.h */ = {isa = PBXFileReference; lastKnownFileType = sourcecode.c.h; path = ViewController.h; sourceTree = "<group>"; };
		7202E4C01D5C2497003A75EB /* ViewController.m */ = {isa = PBXFileReference; lastKnownFileType = sourcecode.c.objc; path = ViewController.m; sourceTree = "<group>"; };
		7202E4C31D5C2497003A75EB /* Base */ = {isa = PBXFileReference; lastKnownFileType = file.storyboard; name = Base; path = Base.lproj/Main.storyboard; sourceTree = "<group>"; };
		7202E4C51D5C2497003A75EB /* Assets.xcassets */ = {isa = PBXFileReference; lastKnownFileType = folder.assetcatalog; path = Assets.xcassets; sourceTree = "<group>"; };
		7202E4C81D5C2497003A75EB /* Base */ = {isa = PBXFileReference; lastKnownFileType = file.storyboard; name = Base; path = Base.lproj/LaunchScreen.storyboard; sourceTree = "<group>"; };
		7202E4CA1D5C2497003A75EB /* Info.plist */ = {isa = PBXFileReference; lastKnownFileType = text.plist.xml; path = Info.plist; sourceTree = "<group>"; };
		7202E4CF1D5C2497003A75EB /* KkjrxiangmuTests.xctest */ = {isa = PBXFileReference; explicitFileType = wrapper.cfbundle; includeInIndex = 0; path = KkjrxiangmuTests.xctest; sourceTree = BUILT_PRODUCTS_DIR; };
		7202E4D31D5C2497003A75EB /* KkjrxiangmuTests.m */ = {isa = PBXFileReference; lastKnownFileType = sourcecode.c.objc; path = KkjrxiangmuTests.m; sourceTree = "<group>"; };
		7202E4D51D5C2497003A75EB /* Info.plist */ = {isa = PBXFileReference; lastKnownFileType = text.plist.xml; path = Info.plist; sourceTree = "<group>"; };
		7202E4DA1D5C2497003A75EB /* KkjrxiangmuUITests.xctest */ = {isa = PBXFileReference; explicitFileType = wrapper.cfbundle; includeInIndex = 0; path = KkjrxiangmuUITests.xctest; sourceTree = BUILT_PRODUCTS_DIR; };
		7202E4DE1D5C2497003A75EB /* KkjrxiangmuUITests.m */ = {isa = PBXFileReference; lastKnownFileType = sourcecode.c.objc; path = KkjrxiangmuUITests.m; sourceTree = "<group>"; };
		7202E4E01D5C2497003A75EB /* Info.plist */ = {isa = PBXFileReference; lastKnownFileType = text.plist.xml; path = Info.plist; sourceTree = "<group>"; };
		7202E4EC1D5C24D3003A75EB /* MassageViewController.h */ = {isa = PBXFileReference; fileEncoding = 4; lastKnownFileType = sourcecode.c.h; path = MassageViewController.h; sourceTree = "<group>"; };
		7202E4ED1D5C24D3003A75EB /* MassageViewController.m */ = {isa = PBXFileReference; fileEncoding = 4; lastKnownFileType = sourcecode.c.objc; path = MassageViewController.m; sourceTree = "<group>"; };
		7202E4EE1D5C24D3003A75EB /* MassageViewController.xib */ = {isa = PBXFileReference; fileEncoding = 4; lastKnownFileType = file.xib; path = MassageViewController.xib; sourceTree = "<group>"; };
		7202E4F11D5C24F8003A75EB /* CollectionViewController.h */ = {isa = PBXFileReference; fileEncoding = 4; lastKnownFileType = sourcecode.c.h; path = CollectionViewController.h; sourceTree = "<group>"; };
		7202E4F21D5C24F8003A75EB /* CollectionViewController.m */ = {isa = PBXFileReference; fileEncoding = 4; lastKnownFileType = sourcecode.c.objc; path = CollectionViewController.m; sourceTree = "<group>"; };
		7202E4F31D5C24F8003A75EB /* CollectionViewController.xib */ = {isa = PBXFileReference; fileEncoding = 4; lastKnownFileType = file.xib; path = CollectionViewController.xib; sourceTree = "<group>"; };
		7202E4F61D5C2521003A75EB /* UserViewController.h */ = {isa = PBXFileReference; fileEncoding = 4; lastKnownFileType = sourcecode.c.h; path = UserViewController.h; sourceTree = "<group>"; };
		7202E4F71D5C2521003A75EB /* UserViewController.m */ = {isa = PBXFileReference; fileEncoding = 4; lastKnownFileType = sourcecode.c.objc; path = UserViewController.m; sourceTree = "<group>"; };
		7202E4F81D5C2521003A75EB /* UserViewController.xib */ = {isa = PBXFileReference; fileEncoding = 4; lastKnownFileType = file.xib; path = UserViewController.xib; sourceTree = "<group>"; };
		7202E4FB1D5C253C003A75EB /* MoreViewController.h */ = {isa = PBXFileReference; fileEncoding = 4; lastKnownFileType = sourcecode.c.h; path = MoreViewController.h; sourceTree = "<group>"; };
		7202E4FC1D5C253C003A75EB /* MoreViewController.m */ = {isa = PBXFileReference; fileEncoding = 4; lastKnownFileType = sourcecode.c.objc; path = MoreViewController.m; sourceTree = "<group>"; };
		7202E4FD1D5C253C003A75EB /* MoreViewController.xib */ = {isa = PBXFileReference; fileEncoding = 4; lastKnownFileType = file.xib; path = MoreViewController.xib; sourceTree = "<group>"; };
		7202E5001D5C2556003A75EB /* HomepageViewController.h */ = {isa = PBXFileReference; fileEncoding = 4; lastKnownFileType = sourcecode.c.h; path = HomepageViewController.h; sourceTree = "<group>"; };
		7202E5011D5C2556003A75EB /* HomepageViewController.m */ = {isa = PBXFileReference; fileEncoding = 4; lastKnownFileType = sourcecode.c.objc; path = HomepageViewController.m; sourceTree = "<group>"; };
		7202E5021D5C2556003A75EB /* HomepageViewController.xib */ = {isa = PBXFileReference; fileEncoding = 4; lastKnownFileType = file.xib; path = HomepageViewController.xib; sourceTree = "<group>"; };
		7202E50C1D5C4E76003A75EB /* denglu@2x.png */ = {isa = PBXFileReference; lastKnownFileType = image.png; path = "denglu@2x.png"; sourceTree = "<group>"; };
		7202E50D1D5C4E76003A75EB /* gengxin@2x.png */ = {isa = PBXFileReference; lastKnownFileType = image.png; path = "gengxin@2x.png"; sourceTree = "<group>"; };
		7202E50E1D5C4E76003A75EB /* jiesuan@2x.png */ = {isa = PBXFileReference; lastKnownFileType = image.png; path = "jiesuan@2x.png"; sourceTree = "<group>"; };
		7202E50F1D5C4E76003A75EB /* shenfen@2x.png */ = {isa = PBXFileReference; lastKnownFileType = image.png; path = "shenfen@2x.png"; sourceTree = "<group>"; };
		7202E5101D5C4E76003A75EB /* touxiang@2x.png */ = {isa = PBXFileReference; lastKnownFileType = image.png; path = "touxiang@2x.png"; sourceTree = "<group>"; };
		7202E5111D5C4E76003A75EB /* tuichu@2x.png */ = {isa = PBXFileReference; lastKnownFileType = image.png; path = "tuichu@2x.png"; sourceTree = "<group>"; };
		7202E5121D5C4E76003A75EB /* yinhang@2x.png */ = {isa = PBXFileReference; lastKnownFileType = image.png; path = "yinhang@2x.png"; sourceTree = "<group>"; };
		7202E5131D5C4E76003A75EB /* zhifu@2x.png */ = {isa = PBXFileReference; lastKnownFileType = image.png; path = "zhifu@2x.png"; sourceTree = "<group>"; };
		7202E51E1D5C4EB7003A75EB /* 1.png */ = {isa = PBXFileReference; lastKnownFileType = image.png; path = 1.png; sourceTree = "<group>"; };
		7202E51F1D5C4EB7003A75EB /* feilv@2x.png */ = {isa = PBXFileReference; lastKnownFileType = image.png; path = "feilv@2x.png"; sourceTree = "<group>"; };
		7202E5201D5C4EB7003A75EB /* gengduo1@2x.png */ = {isa = PBXFileReference; lastKnownFileType = image.png; path = "gengduo1@2x.png"; sourceTree = "<group>"; };
		7202E5211D5C4EB7003A75EB /* gengduo@2x.png */ = {isa = PBXFileReference; lastKnownFileType = image.png; path = "gengduo@2x.png"; sourceTree = "<group>"; };
		7202E5221D5C4EB7003A75EB /* huanledai@2x.png */ = {isa = PBXFileReference; lastKnownFileType = image.png; path = "huanledai@2x.png"; sourceTree = "<group>"; };
		7202E5231D5C4EB7003A75EB /* jiaotong@2x.png */ = {isa = PBXFileReference; lastKnownFileType = image.png; path = "jiaotong@2x.png"; sourceTree = "<group>"; };
		7202E5241D5C4EB7003A75EB /* jiayouka@2x.png */ = {isa = PBXFileReference; lastKnownFileType = image.png; path = "jiayouka@2x.png"; sourceTree = "<group>"; };
		7202E5251D5C4EB7003A75EB /* jiesuan@2x.png */ = {isa = PBXFileReference; lastKnownFileType = image.png; path = "jiesuan@2x.png"; sourceTree = "<group>"; };
		7202E5261D5C4EB7003A75EB /* licaijisuan@2x.png */ = {isa = PBXFileReference; lastKnownFileType = image.png; path = "licaijisuan@2x.png"; sourceTree = "<group>"; };
		7202E5271D5C4EB7003A75EB /* liuliang@2x.png */ = {isa = PBXFileReference; lastKnownFileType = image.png; path = "liuliang@2x.png"; sourceTree = "<group>"; };
		7202E5281D5C4EB7003A75EB /* lunbo1.png */ = {isa = PBXFileReference; lastKnownFileType = image.png; path = lunbo1.png; sourceTree = "<group>"; };
		7202E5291D5C4EB7003A75EB /* luobo2.png */ = {isa = PBXFileReference; lastKnownFileType = image.png; path = luobo2.png; sourceTree = "<group>"; };
		7202E52A1D5C4EB7003A75EB /* saosao@2x.png */ = {isa = PBXFileReference; lastKnownFileType = image.png; path = "saosao@2x.png"; sourceTree = "<group>"; };
		7202E52B1D5C4EB7003A75EB /* shebao@2x.png */ = {isa = PBXFileReference; lastKnownFileType = image.png; path = "shebao@2x.png"; sourceTree = "<group>"; };
		7202E52C1D5C4EB7003A75EB /* shouji@2x.png */ = {isa = PBXFileReference; lastKnownFileType = image.png; path = "shouji@2x.png"; sourceTree = "<group>"; };
		7202E52D1D5C4EB7003A75EB /* shoukuan@2x.png */ = {isa = PBXFileReference; lastKnownFileType = image.png; path = "shoukuan@2x.png"; sourceTree = "<group>"; };
		7202E52E1D5C4EB7003A75EB /* shouye@2x.png */ = {isa = PBXFileReference; lastKnownFileType = image.png; path = "shouye@2x.png"; sourceTree = "<group>"; };
		7202E52F1D5C4EB7003A75EB /* shuidian@2x.png */ = {isa = PBXFileReference; lastKnownFileType = image.png; path = "shuidian@2x.png"; sourceTree = "<group>"; };
		7202E5301D5C4EB7003A75EB /* xiaoxi@2x.png */ = {isa = PBXFileReference; lastKnownFileType = image.png; path = "xiaoxi@2x.png"; sourceTree = "<group>"; };
		7202E5311D5C4EB7003A75EB /* xinyyongngka@2x.png */ = {isa = PBXFileReference; lastKnownFileType = image.png; path = "xinyyongngka@2x.png"; sourceTree = "<group>"; };
		7202E5321D5C4EB7003A75EB /* yiyuanduobao@2x.png */ = {isa = PBXFileReference; lastKnownFileType = image.png; path = "yiyuanduobao@2x.png"; sourceTree = "<group>"; };
		7202E5331D5C4EB7003A75EB /* yonghu@2x.png */ = {isa = PBXFileReference; lastKnownFileType = image.png; path = "yonghu@2x.png"; sourceTree = "<group>"; };
		7202E5341D5C4EB7003A75EB /* youxi@2x.png */ = {isa = PBXFileReference; lastKnownFileType = image.png; path = "youxi@2x.png"; sourceTree = "<group>"; };
		7202E5351D5C4EB7003A75EB /* yue@2x.png */ = {isa = PBXFileReference; lastKnownFileType = image.png; path = "yue@2x.png"; sourceTree = "<group>"; };
		7202E5361D5C4EB7003A75EB /* zhangdan@2x.png */ = {isa = PBXFileReference; lastKnownFileType = image.png; path = "zhangdan@2x.png"; sourceTree = "<group>"; };
		7202E5541D5C4EE0003A75EB /* 3.png */ = {isa = PBXFileReference; lastKnownFileType = image.png; path = 3.png; sourceTree = "<group>"; };
		7202E5551D5C4EE0003A75EB /* gonggao@2x.png */ = {isa = PBXFileReference; lastKnownFileType = image.png; path = "gonggao@2x.png"; sourceTree = "<group>"; };
		7202E5561D5C4EE0003A75EB /* guangao.png */ = {isa = PBXFileReference; lastKnownFileType = image.png; path = guangao.png; sourceTree = "<group>"; };
		7202E5571D5C4EE0003A75EB /* jiantou@2x.png */ = {isa = PBXFileReference; lastKnownFileType = image.png; path = "jiantou@2x.png"; sourceTree = "<group>"; };
		7202E55D1D5C4EE8003A75EB /* 2.png */ = {isa = PBXFileReference; lastKnownFileType = image.png; path = 2.png; sourceTree = "<group>"; };
		7202E55E1D5C4EE8003A75EB /* chexiao@2x.png */ = {isa = PBXFileReference; lastKnownFileType = image.png; path = "chexiao@2x.png"; sourceTree = "<group>"; };
		7202E55F1D5C4EE8003A75EB /* weixin.png */ = {isa = PBXFileReference; lastKnownFileType = image.png; path = weixin.png; sourceTree = "<group>"; };
		7202E5601D5C4EE8003A75EB /* yinlian.png */ = {isa = PBXFileReference; lastKnownFileType = image.png; path = yinlian.png; sourceTree = "<group>"; };
		7202E5661D5C8300003A75EB /* bangzhu@2x.png */ = {isa = PBXFileReference; lastKnownFileType = image.png; path = "bangzhu@2x.png"; sourceTree = "<group>"; };
		7202E5671D5C8300003A75EB /* fankui@2x.png */ = {isa = PBXFileReference; lastKnownFileType = image.png; path = "fankui@2x.png"; sourceTree = "<group>"; };
		7202E5681D5C8300003A75EB /* guanyuwomen@2x.png */ = {isa = PBXFileReference; lastKnownFileType = image.png; path = "guanyuwomen@2x.png"; sourceTree = "<group>"; };
		7202E5691D5C8300003A75EB /* huiyuanzhongxin@2x.png */ = {isa = PBXFileReference; lastKnownFileType = image.png; path = "huiyuanzhongxin@2x.png"; sourceTree = "<group>"; };
		7202E56A1D5C8300003A75EB /* tuiguang@2x.png */ = {isa = PBXFileReference; lastKnownFileType = image.png; path = "tuiguang@2x.png"; sourceTree = "<group>"; };
		7202E56B1D5C8300003A75EB /* xiaji@2x.png */ = {isa = PBXFileReference; lastKnownFileType = image.png; path = "xiaji@2x.png"; sourceTree = "<group>"; };
		7202E56C1D5C8300003A75EB /* xieyi@2x.png */ = {isa = PBXFileReference; lastKnownFileType = image.png; path = "xieyi@2x.png"; sourceTree = "<group>"; };
		898BBB094841E2FC318E053C /* Pods-Kkjrxiangmu.release.xcconfig */ = {isa = PBXFileReference; includeInIndex = 1; lastKnownFileType = text.xcconfig; name = "Pods-Kkjrxiangmu.release.xcconfig"; path = "Pods/Target Support Files/Pods-Kkjrxiangmu/Pods-Kkjrxiangmu.release.xcconfig"; sourceTree = "<group>"; };
		E1CB7E628AAE55304DE4E99F /* libPods-Kkjrxiangmu.a */ = {isa = PBXFileReference; explicitFileType = archive.ar; includeInIndex = 0; path = "libPods-Kkjrxiangmu.a"; sourceTree = BUILT_PRODUCTS_DIR; };
/* End PBXFileReference section */

/* Begin PBXFrameworksBuildPhase section */
		7202E4B31D5C2497003A75EB /* Frameworks */ = {
			isa = PBXFrameworksBuildPhase;
			buildActionMask = 2147483647;
			files = (
				E9EB12F4358C3116B2657E01 /* libPods-Kkjrxiangmu.a in Frameworks */,
			);
			runOnlyForDeploymentPostprocessing = 0;
		};
		7202E4CC1D5C2497003A75EB /* Frameworks */ = {
			isa = PBXFrameworksBuildPhase;
			buildActionMask = 2147483647;
			files = (
			);
			runOnlyForDeploymentPostprocessing = 0;
		};
		7202E4D71D5C2497003A75EB /* Frameworks */ = {
			isa = PBXFrameworksBuildPhase;
			buildActionMask = 2147483647;
			files = (
			);
			runOnlyForDeploymentPostprocessing = 0;
		};
/* End PBXFrameworksBuildPhase section */

/* Begin PBXGroup section */
		23038F0C9ABDED14D8DE09B2 /* Pods */ = {
			isa = PBXGroup;
			children = (
				66EE9E7475653004018857B8 /* Pods-Kkjrxiangmu.debug.xcconfig */,
				898BBB094841E2FC318E053C /* Pods-Kkjrxiangmu.release.xcconfig */,
			);
			name = Pods;
			sourceTree = "<group>";
		};
		5C5B3B42D4F19DB69C80F240 /* Frameworks */ = {
			isa = PBXGroup;
			children = (
				E1CB7E628AAE55304DE4E99F /* libPods-Kkjrxiangmu.a */,
			);
			name = Frameworks;
			sourceTree = "<group>";
		};
		7202E4AD1D5C2497003A75EB = {
			isa = PBXGroup;
			children = (
				7202E4B81D5C2497003A75EB /* Kkjrxiangmu */,
				7202E4D21D5C2497003A75EB /* KkjrxiangmuTests */,
				7202E4DD1D5C2497003A75EB /* KkjrxiangmuUITests */,
				7202E4B71D5C2497003A75EB /* Products */,
				23038F0C9ABDED14D8DE09B2 /* Pods */,
				5C5B3B42D4F19DB69C80F240 /* Frameworks */,
			);
			sourceTree = "<group>";
		};
		7202E4B71D5C2497003A75EB /* Products */ = {
			isa = PBXGroup;
			children = (
				7202E4B61D5C2497003A75EB /* Kkjrxiangmu.app */,
				7202E4CF1D5C2497003A75EB /* KkjrxiangmuTests.xctest */,
				7202E4DA1D5C2497003A75EB /* KkjrxiangmuUITests.xctest */,
			);
			name = Products;
			sourceTree = "<group>";
		};
		7202E4B81D5C2497003A75EB /* Kkjrxiangmu */ = {
			isa = PBXGroup;
			children = (
				7202E5651D5C8300003A75EB /* more */,
				7202E51D1D5C4EB7003A75EB /* pagr */,
				7202E55C1D5C4EE8003A75EB /* collcon */,
				7202E50A1D5C4E76003A75EB /* user */,
				7202E5531D5C4EE0003A75EB /* massager */,
				7202E4BC1D5C2497003A75EB /* AppDelegate.h */,
				7202E4BD1D5C2497003A75EB /* AppDelegate.m */,
				7202E4BF1D5C2497003A75EB /* ViewController.h */,
				7202E4C01D5C2497003A75EB /* ViewController.m */,
				7202E5051D5C255D003A75EB /* massage */,
				7202E5061D5C257C003A75EB /* collec */,
				7202E5071D5C2596003A75EB /* user */,
				7202E5081D5C25A9003A75EB /* more */,
				7202E5091D5C25CF003A75EB /* homepage */,
				7202E4C21D5C2497003A75EB /* Main.storyboard */,
				7202E4C51D5C2497003A75EB /* Assets.xcassets */,
				7202E4C71D5C2497003A75EB /* LaunchScreen.storyboard */,
				7202E4CA1D5C2497003A75EB /* Info.plist */,
				7202E4B91D5C2497003A75EB /* Supporting Files */,
			);
			path = Kkjrxiangmu;
			sourceTree = "<group>";
		};
		7202E4B91D5C2497003A75EB /* Supporting Files */ = {
			isa = PBXGroup;
			children = (
				7202E4BA1D5C2497003A75EB /* main.m */,
			);
			name = "Supporting Files";
			sourceTree = "<group>";
		};
		7202E4D21D5C2497003A75EB /* KkjrxiangmuTests */ = {
			isa = PBXGroup;
			children = (
				7202E4D31D5C2497003A75EB /* KkjrxiangmuTests.m */,
				7202E4D51D5C2497003A75EB /* Info.plist */,
			);
			path = KkjrxiangmuTests;
			sourceTree = "<group>";
		};
		7202E4DD1D5C2497003A75EB /* KkjrxiangmuUITests */ = {
			isa = PBXGroup;
			children = (
				7202E4DE1D5C2497003A75EB /* KkjrxiangmuUITests.m */,
				7202E4E01D5C2497003A75EB /* Info.plist */,
			);
			path = KkjrxiangmuUITests;
			sourceTree = "<group>";
		};
		7202E5051D5C255D003A75EB /* massage */ = {
			isa = PBXGroup;
			children = (
				7202E4EC1D5C24D3003A75EB /* MassageViewController.h */,
				7202E4ED1D5C24D3003A75EB /* MassageViewController.m */,
				7202E4EE1D5C24D3003A75EB /* MassageViewController.xib */,
			);
			name = massage;
			sourceTree = "<group>";
		};
		7202E5061D5C257C003A75EB /* collec */ = {
			isa = PBXGroup;
			children = (
				7202E4F11D5C24F8003A75EB /* CollectionViewController.h */,
				7202E4F21D5C24F8003A75EB /* CollectionViewController.m */,
				7202E4F31D5C24F8003A75EB /* CollectionViewController.xib */,
			);
			name = collec;
			sourceTree = "<group>";
		};
		7202E5071D5C2596003A75EB /* user */ = {
			isa = PBXGroup;
			children = (
				7202E4F61D5C2521003A75EB /* UserViewController.h */,
				7202E4F71D5C2521003A75EB /* UserViewController.m */,
				7202E4F81D5C2521003A75EB /* UserViewController.xib */,
			);
			name = user;
			sourceTree = "<group>";
		};
		7202E5081D5C25A9003A75EB /* more */ = {
			isa = PBXGroup;
			children = (
				7202E4FB1D5C253C003A75EB /* MoreViewController.h */,
				7202E4FC1D5C253C003A75EB /* MoreViewController.m */,
				7202E4FD1D5C253C003A75EB /* MoreViewController.xib */,
			);
			name = more;
			sourceTree = "<group>";
		};
		7202E5091D5C25CF003A75EB /* homepage */ = {
			isa = PBXGroup;
			children = (
				7202E5001D5C2556003A75EB /* HomepageViewController.h */,
				7202E5011D5C2556003A75EB /* HomepageViewController.m */,
				7202E5021D5C2556003A75EB /* HomepageViewController.xib */,
			);
			name = homepage;
			sourceTree = "<group>";
		};
		7202E50A1D5C4E76003A75EB /* user */ = {
			isa = PBXGroup;
			children = (
				7202E50C1D5C4E76003A75EB /* denglu@2x.png */,
				7202E50D1D5C4E76003A75EB /* gengxin@2x.png */,
				7202E50E1D5C4E76003A75EB /* jiesuan@2x.png */,
				7202E50F1D5C4E76003A75EB /* shenfen@2x.png */,
				7202E5101D5C4E76003A75EB /* touxiang@2x.png */,
				7202E5111D5C4E76003A75EB /* tuichu@2x.png */,
				7202E5121D5C4E76003A75EB /* yinhang@2x.png */,
				7202E5131D5C4E76003A75EB /* zhifu@2x.png */,
			);
			path = user;
			sourceTree = "<group>";
		};
		7202E51D1D5C4EB7003A75EB /* pagr */ = {
			isa = PBXGroup;
			children = (
				7202E51E1D5C4EB7003A75EB /* 1.png */,
				7202E51F1D5C4EB7003A75EB /* feilv@2x.png */,
				7202E5201D5C4EB7003A75EB /* gengduo1@2x.png */,
				7202E5211D5C4EB7003A75EB /* gengduo@2x.png */,
				7202E5221D5C4EB7003A75EB /* huanledai@2x.png */,
				7202E5231D5C4EB7003A75EB /* jiaotong@2x.png */,
				7202E5241D5C4EB7003A75EB /* jiayouka@2x.png */,
				7202E5251D5C4EB7003A75EB /* jiesuan@2x.png */,
				7202E5261D5C4EB7003A75EB /* licaijisuan@2x.png */,
				7202E5271D5C4EB7003A75EB /* liuliang@2x.png */,
				7202E5281D5C4EB7003A75EB /* lunbo1.png */,
				7202E5291D5C4EB7003A75EB /* luobo2.png */,
				7202E52A1D5C4EB7003A75EB /* saosao@2x.png */,
				7202E52B1D5C4EB7003A75EB /* shebao@2x.png */,
				7202E52C1D5C4EB7003A75EB /* shouji@2x.png */,
				7202E52D1D5C4EB7003A75EB /* shoukuan@2x.png */,
				7202E52E1D5C4EB7003A75EB /* shouye@2x.png */,
				7202E52F1D5C4EB7003A75EB /* shuidian@2x.png */,
				7202E5301D5C4EB7003A75EB /* xiaoxi@2x.png */,
				7202E5311D5C4EB7003A75EB /* xinyyongngka@2x.png */,
				7202E5321D5C4EB7003A75EB /* yiyuanduobao@2x.png */,
				7202E5331D5C4EB7003A75EB /* yonghu@2x.png */,
				7202E5341D5C4EB7003A75EB /* youxi@2x.png */,
				7202E5351D5C4EB7003A75EB /* yue@2x.png */,
				7202E5361D5C4EB7003A75EB /* zhangdan@2x.png */,
			);
			name = pagr;
			path = user/pagr;
			sourceTree = "<group>";
		};
		7202E5531D5C4EE0003A75EB /* massager */ = {
			isa = PBXGroup;
			children = (
				7202E5541D5C4EE0003A75EB /* 3.png */,
				7202E5551D5C4EE0003A75EB /* gonggao@2x.png */,
				7202E5561D5C4EE0003A75EB /* guangao.png */,
				7202E5571D5C4EE0003A75EB /* jiantou@2x.png */,
			);
			path = massager;
			sourceTree = "<group>";
		};
		7202E55C1D5C4EE8003A75EB /* collcon */ = {
			isa = PBXGroup;
			children = (
				7202E55D1D5C4EE8003A75EB /* 2.png */,
				7202E55E1D5C4EE8003A75EB /* chexiao@2x.png */,
				7202E55F1D5C4EE8003A75EB /* weixin.png */,
				7202E5601D5C4EE8003A75EB /* yinlian.png */,
			);
			name = collcon;
			path = massager/collcon;
			sourceTree = "<group>";
		};
		7202E5651D5C8300003A75EB /* more */ = {
			isa = PBXGroup;
			children = (
				7202E5661D5C8300003A75EB /* bangzhu@2x.png */,
				7202E5671D5C8300003A75EB /* fankui@2x.png */,
				7202E5681D5C8300003A75EB /* guanyuwomen@2x.png */,
				7202E5691D5C8300003A75EB /* huiyuanzhongxin@2x.png */,
				7202E56A1D5C8300003A75EB /* tuiguang@2x.png */,
				7202E56B1D5C8300003A75EB /* xiaji@2x.png */,
				7202E56C1D5C8300003A75EB /* xieyi@2x.png */,
			);
			path = more;
			sourceTree = "<group>";
		};
/* End PBXGroup section */

/* Begin PBXNativeTarget section */
		7202E4B51D5C2497003A75EB /* Kkjrxiangmu */ = {
			isa = PBXNativeTarget;
			buildConfigurationList = 7202E4E31D5C2497003A75EB /* Build configuration list for PBXNativeTarget "Kkjrxiangmu" */;
			buildPhases = (
				69F2AC452C53A7CB387EBEED /* [CP] Check Pods Manifest.lock */,
				7202E4B21D5C2497003A75EB /* Sources */,
				7202E4B31D5C2497003A75EB /* Frameworks */,
				7202E4B41D5C2497003A75EB /* Resources */,
				A36FEC2947752399B1FEAE6C /* [CP] Embed Pods Frameworks */,
				36493226422FA930108BC23C /* [CP] Copy Pods Resources */,
			);
			buildRules = (
			);
			dependencies = (
			);
			name = Kkjrxiangmu;
			productName = Kkjrxiangmu;
			productReference = 7202E4B61D5C2497003A75EB /* Kkjrxiangmu.app */;
			productType = "com.apple.product-type.application";
		};
		7202E4CE1D5C2497003A75EB /* KkjrxiangmuTests */ = {
			isa = PBXNativeTarget;
			buildConfigurationList = 7202E4E61D5C2497003A75EB /* Build configuration list for PBXNativeTarget "KkjrxiangmuTests" */;
			buildPhases = (
				7202E4CB1D5C2497003A75EB /* Sources */,
				7202E4CC1D5C2497003A75EB /* Frameworks */,
				7202E4CD1D5C2497003A75EB /* Resources */,
			);
			buildRules = (
			);
			dependencies = (
				7202E4D11D5C2497003A75EB /* PBXTargetDependency */,
			);
			name = KkjrxiangmuTests;
			productName = KkjrxiangmuTests;
			productReference = 7202E4CF1D5C2497003A75EB /* KkjrxiangmuTests.xctest */;
			productType = "com.apple.product-type.bundle.unit-test";
		};
		7202E4D91D5C2497003A75EB /* KkjrxiangmuUITests */ = {
			isa = PBXNativeTarget;
			buildConfigurationList = 7202E4E91D5C2497003A75EB /* Build configuration list for PBXNativeTarget "KkjrxiangmuUITests" */;
			buildPhases = (
				7202E4D61D5C2497003A75EB /* Sources */,
				7202E4D71D5C2497003A75EB /* Frameworks */,
				7202E4D81D5C2497003A75EB /* Resources */,
			);
			buildRules = (
			);
			dependencies = (
				7202E4DC1D5C2497003A75EB /* PBXTargetDependency */,
			);
			name = KkjrxiangmuUITests;
			productName = KkjrxiangmuUITests;
			productReference = 7202E4DA1D5C2497003A75EB /* KkjrxiangmuUITests.xctest */;
			productType = "com.apple.product-type.bundle.ui-testing";
		};
/* End PBXNativeTarget section */

/* Begin PBXProject section */
		7202E4AE1D5C2497003A75EB /* Project object */ = {
			isa = PBXProject;
			attributes = {
				LastUpgradeCheck = 0720;
				ORGANIZATIONNAME = kkjr;
				TargetAttributes = {
					7202E4B51D5C2497003A75EB = {
						CreatedOnToolsVersion = 7.2;
					};
					7202E4CE1D5C2497003A75EB = {
						CreatedOnToolsVersion = 7.2;
						TestTargetID = 7202E4B51D5C2497003A75EB;
					};
					7202E4D91D5C2497003A75EB = {
						CreatedOnToolsVersion = 7.2;
						TestTargetID = 7202E4B51D5C2497003A75EB;
					};
				};
			};
			buildConfigurationList = 7202E4B11D5C2497003A75EB /* Build configuration list for PBXProject "Kkjrxiangmu" */;
			compatibilityVersion = "Xcode 3.2";
			developmentRegion = English;
			hasScannedForEncodings = 0;
			knownRegions = (
				en,
				Base,
			);
			mainGroup = 7202E4AD1D5C2497003A75EB;
			productRefGroup = 7202E4B71D5C2497003A75EB /* Products */;
			projectDirPath = "";
			projectRoot = "";
			targets = (
				7202E4B51D5C2497003A75EB /* Kkjrxiangmu */,
				7202E4CE1D5C2497003A75EB /* KkjrxiangmuTests */,
				7202E4D91D5C2497003A75EB /* KkjrxiangmuUITests */,
			);
		};
/* End PBXProject section */

/* Begin PBXResourcesBuildPhase section */
		7202E4B41D5C2497003A75EB /* Resources */ = {
			isa = PBXResourcesBuildPhase;
			buildActionMask = 2147483647;
			files = (
				7202E54B1D5C4EB7003A75EB /* yiyuanduobao@2x.png in Resources */,
				7202E51C1D5C4E76003A75EB /* zhifu@2x.png in Resources */,
				7202E56F1D5C8300003A75EB /* guanyuwomen@2x.png in Resources */,
				7202E5371D5C4EB7003A75EB /* 1.png in Resources */,
				7202E54D1D5C4EB7003A75EB /* youxi@2x.png in Resources */,
				7202E5611D5C4EE8003A75EB /* 2.png in Resources */,
				7202E5041D5C2556003A75EB /* HomepageViewController.xib in Resources */,
				7202E56D1D5C8300003A75EB /* bangzhu@2x.png in Resources */,
				7202E53C1D5C4EB7003A75EB /* jiaotong@2x.png in Resources */,
				7202E5701D5C8300003A75EB /* huiyuanzhongxin@2x.png in Resources */,
				7202E4C91D5C2497003A75EB /* LaunchScreen.storyboard in Resources */,
				7202E4FA1D5C2521003A75EB /* UserViewController.xib in Resources */,
				7202E4F51D5C24F8003A75EB /* CollectionViewController.xib in Resources */,
				7202E5591D5C4EE0003A75EB /* gonggao@2x.png in Resources */,
				7202E5161D5C4E76003A75EB /* gengxin@2x.png in Resources */,
				7202E53B1D5C4EB7003A75EB /* huanledai@2x.png in Resources */,
				7202E54C1D5C4EB7003A75EB /* yonghu@2x.png in Resources */,
				7202E4C61D5C2497003A75EB /* Assets.xcassets in Resources */,
				7202E5711D5C8300003A75EB /* tuiguang@2x.png in Resources */,
				7202E54A1D5C4EB7003A75EB /* xinyyongngka@2x.png in Resources */,
				7202E5621D5C4EE8003A75EB /* chexiao@2x.png in Resources */,
				7202E5491D5C4EB7003A75EB /* xiaoxi@2x.png in Resources */,
				7202E5441D5C4EB7003A75EB /* shebao@2x.png in Resources */,
				7202E53E1D5C4EB7003A75EB /* jiesuan@2x.png in Resources */,
				7202E53A1D5C4EB7003A75EB /* gengduo@2x.png in Resources */,
				7202E5181D5C4E76003A75EB /* shenfen@2x.png in Resources */,
				7202E55B1D5C4EE0003A75EB /* jiantou@2x.png in Resources */,
				7202E5721D5C8300003A75EB /* xiaji@2x.png in Resources */,
				7202E53D1D5C4EB7003A75EB /* jiayouka@2x.png in Resources */,
				7202E4FF1D5C253C003A75EB /* MoreViewController.xib in Resources */,
				7202E5641D5C4EE8003A75EB /* yinlian.png in Resources */,
				7202E51B1D5C4E76003A75EB /* yinhang@2x.png in Resources */,
				7202E5481D5C4EB7003A75EB /* shuidian@2x.png in Resources */,
				7202E5191D5C4E76003A75EB /* touxiang@2x.png in Resources */,
				7202E5391D5C4EB7003A75EB /* gengduo1@2x.png in Resources */,
				7202E5151D5C4E76003A75EB /* denglu@2x.png in Resources */,
				7202E54E1D5C4EB7003A75EB /* yue@2x.png in Resources */,
				7202E5381D5C4EB7003A75EB /* feilv@2x.png in Resources */,
				7202E5471D5C4EB7003A75EB /* shouye@2x.png in Resources */,
				7202E5631D5C4EE8003A75EB /* weixin.png in Resources */,
				7202E53F1D5C4EB7003A75EB /* licaijisuan@2x.png in Resources */,
				7202E5731D5C8300003A75EB /* xieyi@2x.png in Resources */,
				7202E4F01D5C24D3003A75EB /* MassageViewController.xib in Resources */,
				7202E51A1D5C4E76003A75EB /* tuichu@2x.png in Resources */,
				7202E5451D5C4EB7003A75EB /* shouji@2x.png in Resources */,
				7202E5581D5C4EE0003A75EB /* 3.png in Resources */,
				7202E56E1D5C8300003A75EB /* fankui@2x.png in Resources */,
				7202E5171D5C4E76003A75EB /* jiesuan@2x.png in Resources */,
				7202E5461D5C4EB7003A75EB /* shoukuan@2x.png in Resources */,
				7202E5421D5C4EB7003A75EB /* luobo2.png in Resources */,
				7202E5431D5C4EB7003A75EB /* saosao@2x.png in Resources */,
				7202E4C41D5C2497003A75EB /* Main.storyboard in Resources */,
				7202E55A1D5C4EE0003A75EB /* guangao.png in Resources */,
				7202E5411D5C4EB7003A75EB /* lunbo1.png in Resources */,
				7202E54F1D5C4EB7003A75EB /* zhangdan@2x.png in Resources */,
				7202E5401D5C4EB7003A75EB /* liuliang@2x.png in Resources */,
			);
			runOnlyForDeploymentPostprocessing = 0;
		};
		7202E4CD1D5C2497003A75EB /* Resources */ = {
			isa = PBXResourcesBuildPhase;
			buildActionMask = 2147483647;
			files = (
			);
			runOnlyForDeploymentPostprocessing = 0;
		};
		7202E4D81D5C2497003A75EB /* Resources */ = {
			isa = PBXResourcesBuildPhase;
			buildActionMask = 2147483647;
			files = (
			);
			runOnlyForDeploymentPostprocessing = 0;
		};
/* End PBXResourcesBuildPhase section */

/* Begin PBXShellScriptBuildPhase section */
		36493226422FA930108BC23C /* [CP] Copy Pods Resources */ = {
			isa = PBXShellScriptBuildPhase;
			buildActionMask = 2147483647;
			files = (
			);
			inputPaths = (
			);
			name = "[CP] Copy Pods Resources";
			outputPaths = (
			);
			runOnlyForDeploymentPostprocessing = 0;
			shellPath = /bin/sh;
			shellScript = "\"${SRCROOT}/Pods/Target Support Files/Pods-Kkjrxiangmu/Pods-Kkjrxiangmu-resources.sh\"\n";
			showEnvVarsInLog = 0;
		};
		69F2AC452C53A7CB387EBEED /* [CP] Check Pods Manifest.lock */ = {
			isa = PBXShellScriptBuildPhase;
			buildActionMask = 2147483647;
			files = (
			);
			inputPaths = (
			);
			name = "[CP] Check Pods Manifest.lock";
			outputPaths = (
			);
			runOnlyForDeploymentPostprocessing = 0;
			shellPath = /bin/sh;
			shellScript = "diff \"${PODS_ROOT}/../Podfile.lock\" \"${PODS_ROOT}/Manifest.lock\" > /dev/null\nif [[ $? != 0 ]] ; then\n    cat << EOM\nerror: The sandbox is not in sync with the Podfile.lock. Run 'pod install' or update your CocoaPods installation.\nEOM\n    exit 1\nfi\n";
			showEnvVarsInLog = 0;
		};
		A36FEC2947752399B1FEAE6C /* [CP] Embed Pods Frameworks */ = {
			isa = PBXShellScriptBuildPhase;
			buildActionMask = 2147483647;
			files = (
			);
			inputPaths = (
			);
			name = "[CP] Embed Pods Frameworks";
			outputPaths = (
			);
			runOnlyForDeploymentPostprocessing = 0;
			shellPath = /bin/sh;
			shellScript = "\"${SRCROOT}/Pods/Target Support Files/Pods-Kkjrxiangmu/Pods-Kkjrxiangmu-frameworks.sh\"\n";
			showEnvVarsInLog = 0;
		};
/* End PBXShellScriptBuildPhase section */

/* Begin PBXSourcesBuildPhase section */
		7202E4B21D5C2497003A75EB /* Sources */ = {
			isa = PBXSourcesBuildPhase;
			buildActionMask = 2147483647;
			files = (
				7202E5031D5C2556003A75EB /* HomepageViewController.m in Sources */,
				7202E4C11D5C2497003A75EB /* ViewController.m in Sources */,
				7202E4BE1D5C2497003A75EB /* AppDelegate.m in Sources */,
				7202E4EF1D5C24D3003A75EB /* MassageViewController.m in Sources */,
				7202E4F91D5C2521003A75EB /* UserViewController.m in Sources */,
				7202E4F41D5C24F8003A75EB /* CollectionViewController.m in Sources */,
				7202E4FE1D5C253C003A75EB /* MoreViewController.m in Sources */,
				7202E4BB1D5C2497003A75EB /* main.m in Sources */,
			);
			runOnlyForDeploymentPostprocessing = 0;
		};
		7202E4CB1D5C2497003A75EB /* Sources */ = {
			isa = PBXSourcesBuildPhase;
			buildActionMask = 2147483647;
			files = (
				7202E4D41D5C2497003A75EB /* KkjrxiangmuTests.m in Sources */,
			);
			runOnlyForDeploymentPostprocessing = 0;
		};
		7202E4D61D5C2497003A75EB /* Sources */ = {
			isa = PBXSourcesBuildPhase;
			buildActionMask = 2147483647;
			files = (
				7202E4DF1D5C2497003A75EB /* KkjrxiangmuUITests.m in Sources */,
			);
			runOnlyForDeploymentPostprocessing = 0;
		};
/* End PBXSourcesBuildPhase section */

/* Begin PBXTargetDependency section */
		7202E4D11D5C2497003A75EB /* PBXTargetDependency */ = {
			isa = PBXTargetDependency;
			target = 7202E4B51D5C2497003A75EB /* Kkjrxiangmu */;
			targetProxy = 7202E4D01D5C2497003A75EB /* PBXContainerItemProxy */;
		};
		7202E4DC1D5C2497003A75EB /* PBXTargetDependency */ = {
			isa = PBXTargetDependency;
			target = 7202E4B51D5C2497003A75EB /* Kkjrxiangmu */;
			targetProxy = 7202E4DB1D5C2497003A75EB /* PBXContainerItemProxy */;
		};
/* End PBXTargetDependency section */

/* Begin PBXVariantGroup section */
		7202E4C21D5C2497003A75EB /* Main.storyboard */ = {
			isa = PBXVariantGroup;
			children = (
				7202E4C31D5C2497003A75EB /* Base */,
			);
			name = Main.storyboard;
			sourceTree = "<group>";
		};
		7202E4C71D5C2497003A75EB /* LaunchScreen.storyboard */ = {
			isa = PBXVariantGroup;
			children = (
				7202E4C81D5C2497003A75EB /* Base */,
			);
			name = LaunchScreen.storyboard;
			sourceTree = "<group>";
		};
/* End PBXVariantGroup section */

/* Begin XCBuildConfiguration section */
		7202E4E11D5C2497003A75EB /* Debug */ = {
			isa = XCBuildConfiguration;
			buildSettings = {
				ALWAYS_SEARCH_USER_PATHS = NO;
				CLANG_CXX_LANGUAGE_STANDARD = "gnu++0x";
				CLANG_CXX_LIBRARY = "libc++";
				CLANG_ENABLE_MODULES = YES;
				CLANG_ENABLE_OBJC_ARC = YES;
				CLANG_WARN_BOOL_CONVERSION = YES;
				CLANG_WARN_CONSTANT_CONVERSION = YES;
				CLANG_WARN_DIRECT_OBJC_ISA_USAGE = YES_ERROR;
				CLANG_WARN_EMPTY_BODY = YES;
				CLANG_WARN_ENUM_CONVERSION = YES;
				CLANG_WARN_INT_CONVERSION = YES;
				CLANG_WARN_OBJC_ROOT_CLASS = YES_ERROR;
				CLANG_WARN_UNREACHABLE_CODE = YES;
				CLANG_WARN__DUPLICATE_METHOD_MATCH = YES;
				"CODE_SIGN_IDENTITY[sdk=iphoneos*]" = "iPhone Developer";
				COPY_PHASE_STRIP = NO;
				DEBUG_INFORMATION_FORMAT = dwarf;
				ENABLE_STRICT_OBJC_MSGSEND = YES;
				ENABLE_TESTABILITY = YES;
				GCC_C_LANGUAGE_STANDARD = gnu99;
				GCC_DYNAMIC_NO_PIC = NO;
				GCC_NO_COMMON_BLOCKS = YES;
				GCC_OPTIMIZATION_LEVEL = 0;
				GCC_PREPROCESSOR_DEFINITIONS = (
					"DEBUG=1",
					"$(inherited)",
				);
				GCC_WARN_64_TO_32_BIT_CONVERSION = YES;
				GCC_WARN_ABOUT_RETURN_TYPE = YES_ERROR;
				GCC_WARN_UNDECLARED_SELECTOR = YES;
				GCC_WARN_UNINITIALIZED_AUTOS = YES_AGGRESSIVE;
				GCC_WARN_UNUSED_FUNCTION = YES;
				GCC_WARN_UNUSED_VARIABLE = YES;
				IPHONEOS_DEPLOYMENT_TARGET = 9.2;
				MTL_ENABLE_DEBUG_INFO = YES;
				ONLY_ACTIVE_ARCH = YES;
				SDKROOT = iphoneos;
			};
			name = Debug;
		};
		7202E4E21D5C2497003A75EB /* Release */ = {
			isa = XCBuildConfiguration;
			buildSettings = {
				ALWAYS_SEARCH_USER_PATHS = NO;
				CLANG_CXX_LANGUAGE_STANDARD = "gnu++0x";
				CLANG_CXX_LIBRARY = "libc++";
				CLANG_ENABLE_MODULES = YES;
				CLANG_ENABLE_OBJC_ARC = YES;
				CLANG_WARN_BOOL_CONVERSION = YES;
				CLANG_WARN_CONSTANT_CONVERSION = YES;
				CLANG_WARN_DIRECT_OBJC_ISA_USAGE = YES_ERROR;
				CLANG_WARN_EMPTY_BODY = YES;
				CLANG_WARN_ENUM_CONVERSION = YES;
				CLANG_WARN_INT_CONVERSION = YES;
				CLANG_WARN_OBJC_ROOT_CLASS = YES_ERROR;
				CLANG_WARN_UNREACHABLE_CODE = YES;
				CLANG_WARN__DUPLICATE_METHOD_MATCH = YES;
				"CODE_SIGN_IDENTITY[sdk=iphoneos*]" = "iPhone Developer";
				COPY_PHASE_STRIP = NO;
				DEBUG_INFORMATION_FORMAT = "dwarf-with-dsym";
				ENABLE_NS_ASSERTIONS = NO;
				ENABLE_STRICT_OBJC_MSGSEND = YES;
				GCC_C_LANGUAGE_STANDARD = gnu99;
				GCC_NO_COMMON_BLOCKS = YES;
				GCC_WARN_64_TO_32_BIT_CONVERSION = YES;
				GCC_WARN_ABOUT_RETURN_TYPE = YES_ERROR;
				GCC_WARN_UNDECLARED_SELECTOR = YES;
				GCC_WARN_UNINITIALIZED_AUTOS = YES_AGGRESSIVE;
				GCC_WARN_UNUSED_FUNCTION = YES;
				GCC_WARN_UNUSED_VARIABLE = YES;
				IPHONEOS_DEPLOYMENT_TARGET = 9.2;
				MTL_ENABLE_DEBUG_INFO = NO;
				SDKROOT = iphoneos;
				VALIDATE_PRODUCT = YES;
			};
			name = Release;
		};
		7202E4E41D5C2497003A75EB /* Debug */ = {
			isa = XCBuildConfiguration;
			baseConfigurationReference = 66EE9E7475653004018857B8 /* Pods-Kkjrxiangmu.debug.xcconfig */;
			buildSettings = {
				ASSETCATALOG_COMPILER_APPICON_NAME = AppIcon;
				INFOPLIST_FILE = Kkjrxiangmu/Info.plist;
				LD_RUNPATH_SEARCH_PATHS = "$(inherited) @executable_path/Frameworks";
				PRODUCT_BUNDLE_IDENTIFIER = kk.Kkjrxiangmu;
				PRODUCT_NAME = "$(TARGET_NAME)";
			};
			name = Debug;
		};
		7202E4E51D5C2497003A75EB /* Release */ = {
			isa = XCBuildConfiguration;
			baseConfigurationReference = 898BBB094841E2FC318E053C /* Pods-Kkjrxiangmu.release.xcconfig */;
			buildSettings = {
				ASSETCATALOG_COMPILER_APPICON_NAME = AppIcon;
				INFOPLIST_FILE = Kkjrxiangmu/Info.plist;
				LD_RUNPATH_SEARCH_PATHS = "$(inherited) @executable_path/Frameworks";
				PRODUCT_BUNDLE_IDENTIFIER = kk.Kkjrxiangmu;
				PRODUCT_NAME = "$(TARGET_NAME)";
			};
			name = Release;
		};
		7202E4E71D5C2497003A75EB /* Debug */ = {
			isa = XCBuildConfiguration;
			buildSettings = {
				BUNDLE_LOADER = "$(TEST_HOST)";
				INFOPLIST_FILE = KkjrxiangmuTests/Info.plist;
				LD_RUNPATH_SEARCH_PATHS = "$(inherited) @executable_path/Frameworks @loader_path/Frameworks";
				PRODUCT_BUNDLE_IDENTIFIER = kk.KkjrxiangmuTests;
				PRODUCT_NAME = "$(TARGET_NAME)";
				TEST_HOST = "$(BUILT_PRODUCTS_DIR)/Kkjrxiangmu.app/Kkjrxiangmu";
			};
			name = Debug;
		};
		7202E4E81D5C2497003A75EB /* Release */ = {
			isa = XCBuildConfiguration;
			buildSettings = {
				BUNDLE_LOADER = "$(TEST_HOST)";
				INFOPLIST_FILE = KkjrxiangmuTests/Info.plist;
				LD_RUNPATH_SEARCH_PATHS = "$(inherited) @executable_path/Frameworks @loader_path/Frameworks";
				PRODUCT_BUNDLE_IDENTIFIER = kk.KkjrxiangmuTests;
				PRODUCT_NAME = "$(TARGET_NAME)";
				TEST_HOST = "$(BUILT_PRODUCTS_DIR)/Kkjrxiangmu.app/Kkjrxiangmu";
			};
			name = Release;
		};
		7202E4EA1D5C2497003A75EB /* Debug */ = {
			isa = XCBuildConfiguration;
			buildSettings = {
				INFOPLIST_FILE = KkjrxiangmuUITests/Info.plist;
				LD_RUNPATH_SEARCH_PATHS = "$(inherited) @executable_path/Frameworks @loader_path/Frameworks";
				PRODUCT_BUNDLE_IDENTIFIER = kk.KkjrxiangmuUITests;
				PRODUCT_NAME = "$(TARGET_NAME)";
				TEST_TARGET_NAME = Kkjrxiangmu;
				USES_XCTRUNNER = YES;
			};
			name = Debug;
		};
		7202E4EB1D5C2497003A75EB /* Release */ = {
			isa = XCBuildConfiguration;
			buildSettings = {
				INFOPLIST_FILE = KkjrxiangmuUITests/Info.plist;
				LD_RUNPATH_SEARCH_PATHS = "$(inherited) @executable_path/Frameworks @loader_path/Frameworks";
				PRODUCT_BUNDLE_IDENTIFIER = kk.KkjrxiangmuUITests;
				PRODUCT_NAME = "$(TARGET_NAME)";
				TEST_TARGET_NAME = Kkjrxiangmu;
				USES_XCTRUNNER = YES;
			};
			name = Release;
		};
/* End XCBuildConfiguration section */

/* Begin XCConfigurationList section */
		7202E4B11D5C2497003A75EB /* Build configuration list for PBXProject "Kkjrxiangmu" */ = {
			isa = XCConfigurationList;
			buildConfigurations = (
				7202E4E11D5C2497003A75EB /* Debug */,
				7202E4E21D5C2497003A75EB /* Release */,
			);
			defaultConfigurationIsVisible = 0;
			defaultConfigurationName = Release;
		};
		7202E4E31D5C2497003A75EB /* Build configuration list for PBXNativeTarget "Kkjrxiangmu" */ = {
			isa = XCConfigurationList;
			buildConfigurations = (
				7202E4E41D5C2497003A75EB /* Debug */,
				7202E4E51D5C2497003A75EB /* Release */,
			);
			defaultConfigurationIsVisible = 0;
			defaultConfigurationName = Release;
		};
		7202E4E61D5C2497003A75EB /* Build configuration list for PBXNativeTarget "KkjrxiangmuTests" */ = {
			isa = XCConfigurationList;
			buildConfigurations = (
				7202E4E71D5C2497003A75EB /* Debug */,
				7202E4E81D5C2497003A75EB /* Release */,
			);
			defaultConfigurationIsVisible = 0;
			defaultConfigurationName = Release;
		};
		7202E4E91D5C2497003A75EB /* Build configuration list for PBXNativeTarget "KkjrxiangmuUITests" */ = {
			isa = XCConfigurationList;
			buildConfigurations = (
				7202E4EA1D5C2497003A75EB /* Debug */,
				7202E4EB1D5C2497003A75EB /* Release */,
			);
			defaultConfigurationIsVisible = 0;
			defaultConfigurationName = Release;
		};
/* End XCConfigurationList section */
	};
	rootObject = 7202E4AE1D5C2497003A75EB /* Project object */;
}
